
Microsoft Visual Studio Solution File, Format Version 12.00
# Visual Studio 15
VisualStudioVersion = 15.0.28307.329
MinimumVisualStudioVersion = 10.0.40219.1
Project("{FAE04EC0-301F-11D3-BF4B-00C04F79EFBC}") = "AsyncAwait", "AsyncAwait\AsyncAwait.csproj", "{9E6B96D1-254F-4942-9480-9E9752A2D577}"
EndProject
Project("{9A19103F-16F7-4668-BE54-9A1E7A4F7556}") = "ExternalDependency", "ExternalDependency\ExternalDependency.csproj", "{6C40D074-F247-47A8-BEE3-069667C143C6}"
EndProject
Project("{FAE04EC0-301F-11D3-BF4B-00C04F79EFBC}") = "AsyncExamples", "AsyncExamples\AsyncExamples.csproj", "{66E66C74-73E8-4109-8485-C171D0CDB537}"
EndProject
Global
	GlobalSection(SolutionConfigurationPlatforms) = preSolution
		Debug|Any CPU = Debug|Any CPU
		Release|Any CPU = Release|Any CPU
	EndGlobalSection
	GlobalSection(ProjectConfigurationPlatforms) = postSolution
		{9E6B96D1-254F-4942-9480-9E9752A2D577}.Debug|Any CPU.ActiveCfg = Debug|Any CPU
		{9E6B96D1-254F-4942-9480-9E9752A2D577}.Debug|Any CPU.Build.0 = Debug|Any CPU
		{9E6B96D1-254F-4942-9480-9E9752A2D577}.Release|Any CPU.ActiveCfg = Release|Any CPU
		{9E6B96D1-254F-4942-9480-9E9752A2D577}.Release|Any CPU.Build.0 = Release|Any CPU
		{6C40D074-F247-47A8-BEE3-069667C143C6}.Debug|Any CPU.ActiveCfg = Debug|Any CPU
		{6C40D074-F247-47A8-BEE3-069667C143C6}.Debug|Any CPU.Build.0 = Debug|Any CPU
		{6C40D074-F247-47A8-BEE3-069667C143C6}.Release|Any CPU.ActiveCfg = Release|Any CPU
		{6C40D074-F247-47A8-BEE3-069667C143C6}.Release|Any CPU.Build.0 = Release|Any CPU
		{66E66C74-73E8-4109-8485-C171D0CDB537}.Debug|Any CPU.ActiveCfg = Debug|Any CPU
		{66E66C74-73E8-4109-8485-C171D0CDB537}.Debug|Any CPU.Build.0 = Debug|Any CPU
		{66E66C74-73E8-4109-8485-C171D0CDB537}.Release|Any CPU.ActiveCfg = Release|Any CPU
		{66E66C74-73E8-4109-8485-C171D0CDB537}.Release|Any CPU.Build.0 = Release|Any CPU
	EndGlobalSection
	GlobalSection(SolutionProperties) = preSolution
		HideSolutionNode = FALSE
	EndGlobalSection
	GlobalSection(ExtensibilityGlobals) = postSolution
		SolutionGuid = {66A88156-C443-4DD2-A8CC-476A134C879D}
	EndGlobalSection
EndGlobal
